{
  "name": "yaoyao-memory-plugin",
  "version": "1.9.1",
  "lockfileVersion": 3,
  "requires": true,
  "packages": {
    "": {
      "name": "yaoyao-memory-plugin",
      "version": "1.9.1",
      "license": "MIT",
      "dependencies": {
        "sqlite-vec": "^0.1.9"
      },
      "devDependencies": {
        "@types/node": "^25.8.0",
        "typescript": "^6.0.3"
      },
      "engines": {
        "node": ">=18.0.0"
      },
      "optionalDependencies": {
        "hnswlib-node": "^3.0.0"
      }
    },
    "node_modules/@types/node": {
      "version": "25.8.0",
      "resolved": "https://registry.npmjs.org/@types/node/-/node-25.8.0.tgz",
      "integrity": "sha512-TCFSk8IZh+iLX1xtksoBVtdmgL+1IX0fC9BeU4QqFSuNdN/K+HUlhqOzEmSYYpZUVsLYcPqc9KX+60iDuninSQ==",
      "dev": true,
      "license": "MIT",
      "dependencies": {
        "undici-types": ">=7.24.0 <7.24.7"
      }
    },
    "node_modules/bindings": {
      "version": "1.5.0",
      "resolved": "https://registry.npmjs.org/bindings/-/bindings-1.5.0.tgz",
      "integrity": "sha512-p2q/t/mhvuOj/UeLlV6566GD/guowlr0hHxClI0W9m7MWYkL1F0hLo+0Aexs9HSPCtR1SXQ0TD3MMKrXZajbiQ==",
      "license": "MIT",
      "optional": true,
      "dependencies": {
        "file-uri-to-path": "1.0.0"
      }
    },
    "node_modules/file-uri-to-path": {
      "version": "1.0.0",
      "resolved": "https://registry.npmjs.org/file-uri-to-path/-/file-uri-to-path-1.0.0.tgz",
      "integrity": "sha512-0Zt+s3L7Vf1biwWZ29aARiVYLx7iMGnEUl9x33fbB/j3jR81u/O2LbqK+Bm1CDSNDKVtJ/YjwY7TUd5SkeLQLw==",
      "license": "MIT",
      "optional": true
    },
    "node_modules/hnswlib-node": {
      "version": "3.0.0",
      "resolved": "https://registry.npmjs.org/hnswlib-node/-/hnswlib-node-3.0.0.tgz",
      "integrity": "sha512-fypn21qvVORassppC8/qNfZ5KAOspZpm/IbUkAtlqvbtDNnF5VVk5RWF7O5V6qwr7z+T3s1ePej6wQt5wRQ4Cg==",
      "hasInstallScript": true,
      "license": "Apache-2.0",
      "optional": true,
      "dependencies": {
        "bindings": "^1.5.0",
        "node-addon-api": "^8.0.0"
      }
    },
    "node_modules/node-addon-api": {
      "version": "8.7.0",
      "resolved": "https://registry.npmjs.org/node-addon-api/-/node-addon-api-8.7.0.tgz",
      "integrity": "sha512-9MdFxmkKaOYVTV+XVRG8ArDwwQ77XIgIPyKASB1k3JPq3M8fGQQQE3YpMOrKm6g//Ktx8ivZr8xo1Qmtqub+GA==",
      "license": "MIT",
      "optional": true,
      "engines": {
        "node": "^18 || ^20 || >= 21"
      }
    },
    "node_modules/sqlite-vec": {
      "version": "0.1.9",
      "resolved": "https://registry.npmjs.org/sqlite-vec/-/sqlite-vec-0.1.9.tgz",
      "integrity": "sha512-L7XJWRIBNvR9O5+vh1FQ+IGkh/3D2AzVksW5gdtk28m78Hy8skFD0pqReKH1Yp0/BUKRGcffgKvyO/EON5JXpA==",
      "license": "MIT OR Apache",
      "optionalDependencies": {
        "sqlite-vec-darwin-arm64": "0.1.9",
        "sqlite-vec-darwin-x64": "0.1.9",
        "sqlite-vec-linux-arm64": "0.1.9",
        "sqlite-vec-linux-x64": "0.1.9",
        "sqlite-vec-windows-x64": "0.1.9"
      }
    },
    "node_modules/sqlite-vec-darwin-arm64": {
      "version": "0.1.9",
      "resolved": "https://registry.npmjs.org/sqlite-vec-darwin-arm64/-/sqlite-vec-darwin-arm64-0.1.9.tgz",
      "integrity": "sha512-jSsZpE42OfBkGL/ItyJTVCUwl6o6Ka3U5rc4j+UBDIQzC1ulSSKMEhQLthsOnF/MdAf1MuAkYhkdKmmcjaIZQg==",
      "cpu": [
        "arm64"
      ],
      "license": "MIT OR Apache",
      "optional": true,
      "os": [
        "darwin"
      ]
    },
    "node_modules/sqlite-vec-darwin-x64": {
      "version": "0.1.9",
      "resolved": "https://registry.npmjs.org/sqlite-vec-darwin-x64/-/sqlite-vec-darwin-x64-0.1.9.tgz",
      "integrity": "sha512-KDlVyqQT7pnOhU1ymB9gs7dMbSoVmKHitT+k1/xkjarcX8bBqPxWrGlK/R+C5WmWkfvWwyq5FfXfiBYCBs6PlA==",
      "cpu": [
        "x64"
      ],
      "license": "MIT OR Apache",
      "optional": true,
      "os": [
        "darwin"
      ]
    },
    "node_modules/sqlite-vec-linux-arm64": {
      "version": "0.1.9",
      "resolved": "https://registry.npmjs.org/sqlite-vec-linux-arm64/-/sqlite-vec-linux-arm64-0.1.9.tgz",
      "integrity": "sha512-5wXVJ9c9kR4CHm/wVqXb/R+XUHTdpZ4nWbPHlS+gc9qQFVHs92Km4bPnCKX4rtcPMzvNis+SIzMJR1SCEwpuUw==",
      "cpu": [
        "arm64"
      ],
      "license": "MIT OR Apache",
      "optional": true,
      "os": [
        "linux"
      ]
    },
    "node_modules/sqlite-vec-linux-x64": {
      "version": "0.1.9",
      "resolved": "https://registry.npmjs.org/sqlite-vec-linux-x64/-/sqlite-vec-linux-x64-0.1.9.tgz",
      "integrity": "sha512-w3tCH8xK2finW8fQJ/m8uqKodXUZ9KAuAar2UIhz4BHILfpE0WM/MTGCRfa7RjYbrYim5Luk3guvMOGI7T7JQA==",
      "cpu": [
        "x64"
      ],
      "license": "MIT OR Apache",
      "optional": true,
      "os": [
        "linux"
      ]
    },
    "node_modules/sqlite-vec-windows-x64": {
      "version": "0.1.9",
      "resolved": "https://registry.npmjs.org/sqlite-vec-windows-x64/-/sqlite-vec-windows-x64-0.1.9.tgz",
      "integrity": "sha512-y3gEIyy/17bq2QFPQOWLE68TYWcRZkBQVA2XLrTPHNTOp55xJi/BBBmOm40tVMDMjtP+Elpk6UBUXdaq+46b0Q==",
      "cpu": [
        "x64"
      ],
      "license": "MIT OR Apache",
      "optional": true,
      "os": [
        "win32"
      ]
    },
    "node_modules/typescript": {
      "version": "6.0.3",
      "resolved": "https://registry.npmjs.org/typescript/-/typescript-6.0.3.tgz",
      "integrity": "sha512-y2TvuxSZPDyQakkFRPZHKFm+KKVqIisdg9/CZwm9ftvKXLP8NRWj38/ODjNbr43SsoXqNuAisEf1GdCxqWcdBw==",
      "dev": true,
      "license": "Apache-2.0",
      "bin": {
        "tsc": "bin/tsc",
        "tsserver": "bin/tsserver"
      },
      "engines": {
        "node": ">=14.17"
      }
    },
    "node_modules/undici-types": {
      "version": "7.24.6",
      "resolved": "https://registry.npmjs.org/undici-types/-/undici-types-7.24.6.tgz",
      "integrity": "sha512-WRNW+sJgj5OBN4/0JpHFqtqzhpbnV0GuB+OozA9gCL7a993SmU+1JBZCzLNxYsbMfIeDL+lTsphD5jN5N+n0zg==",
      "dev": true,
      "license": "MIT"
    }
  }
}
